PODS:
  - FBSnapshotTestCase (2.1.4):
    - FBSnapshotTestCase/SwiftSupport (= 2.1.4)
  - FBSnapshotTestCase/Core (2.1.4)
  - FBSnapshotTestCase/SwiftSupport (2.1.4):
    - FBSnapshotTestCase/Core
  - iOSSnapshotTestCase (8.0.0):
    - iOSSnapshotTestCase/SwiftSupport (= 8.0.0)
  - iOSSnapshotTestCase/Core (8.0.0)
  - iOSSnapshotTestCase/SwiftSupport (8.0.0):
    - iOSSnapshotTestCase/Core
  - MMKV (1.3.1):
    - MMKVCore (~> 1.3.1)
  - MMKVCore (1.3.1)
  - Nimble (10.0.0)
  - Nimble-Snapshots (9.4.0):
    - Nimble-Snapshots/Core (= 9.4.0)
  - Nimble-Snapshots/Core (9.4.0):
    - iOSSnapshotTestCase (~> 8.0)
    - Nimble
  - Quick (5.0.1)
  - UserKVStorage (0.1.0):
    - MMKV (~> 1.3.1)

DEPENDENCIES:
  - FBSnapshotTestCase
  - Nimble
  - Nimble-Snapshots
  - Quick
  - UserKVStorage (from `../`)

SPEC REPOS:
  https://github.com/CocoaPods/Specs.git:
    - FBSnapshotTestCase
    - iOSSnapshotTestCase
    - MMKV
    - MMKVCore
    - Nimble
    - Nimble-Snapshots
    - Quick

EXTERNAL SOURCES:
  UserKVStorage:
    :path: "../"

SPEC CHECKSUMS:
  FBSnapshotTestCase: 094f9f314decbabe373b87cc339bea235a63e07a
  iOSSnapshotTestCase: a670511f9ee3829c2b9c23e6e68f315fd7b6790f
  MMKV: 5a07930c70c70b86cd87761a42c8f3836fb681d7
  MMKVCore: e50135dbd33235b6ab390635991bab437ab873c0
  Nimble: 5316ef81a170ce87baf72dd961f22f89a602ff84
  Nimble-Snapshots: ef281b908c604f78c8313587e25ea92c8ab513d7
  Quick: 749aa754fd1e7d984f2000fe051e18a3a9809179
  UserKVStorage: 4fe5fdf57170661f6e27b07ef0533b67baee5eb8

PODFILE CHECKSUM: c315557df1785c9d93b7348ec30f1eac73b5dad5

COCOAPODS: 1.12.1
